// !$*UTF8*$!
{
	archiveVersion = 1;
	classes = {
	};
	objectVersion = 46;
	objects = {

/* Begin PBXFileReference section */
		681111CB1E841E2400F1F99E /* CMakeLists.txt */ = {isa = PBXFileReference; fileEncoding = 4; lastKnownFileType = text; name = CMakeLists.txt; path = ../CMakeLists.txt; sourceTree = "<group>"; };
		681111CC1E841E2400F1F99E /* CMakeLists.txt.in */ = {isa = PBXFileReference; fileEncoding = 4; lastKnownFileType = text; name = CMakeLists.txt.in; path = ../CMakeLists.txt.in; sourceTree = "<group>"; };
		681111CD1E841E2400F1F99E /* lessons */ = {isa = PBXFileReference; lastKnownFileType = folder; name = lessons; path = ../lessons; sourceTree = "<group>"; };
		681111CE1E841E2400F1F99E /* CMakeFiles */ = {isa = PBXFileReference; lastKnownFileType = folder; name = CMakeFiles; path = ../CMakeFiles; sourceTree = "<group>"; };
		681111CF1E841E2400F1F99E /* googletest-download */ = {isa = PBXFileReference; lastKnownFileType = folder; name = "googletest-download"; path = "../googletest-download"; sourceTree = "<group>"; };
		681111D01E841E2400F1F99E /* build */ = {isa = PBXFileReference; lastKnownFileType = folder; name = build; path = ../build; sourceTree = "<group>"; };
		681111D11E841E2400F1F99E /* GPATH */ = {isa = PBXFileReference; lastKnownFileType = file; name = GPATH; path = ../GPATH; sourceTree = "<group>"; };
		681111D21E841E2400F1F99E /* GRTAGS */ = {isa = PBXFileReference; lastKnownFileType = file; name = GRTAGS; path = ../GRTAGS; sourceTree = "<group>"; };
		681111D31E841E2400F1F99E /* GTAGS */ = {isa = PBXFileReference; lastKnownFileType = file; name = GTAGS; path = ../GTAGS; sourceTree = "<group>"; };
		681111D41E841E2400F1F99E /* README.md */ = {isa = PBXFileReference; fileEncoding = 4; lastKnownFileType = net.daringfireball.markdown; name = README.md; path = ../README.md; sourceTree = "<group>"; };
/* End PBXFileReference section */

/* Begin PBXGroup section */
		681111C01E841DCF00F1F99E = {
			isa = PBXGroup;
			children = (
				681111CB1E841E2400F1F99E /* CMakeLists.txt */,
				681111CC1E841E2400F1F99E /* CMakeLists.txt.in */,
				681111CD1E841E2400F1F99E /* lessons */,
				681111CE1E841E2400F1F99E /* CMakeFiles */,
				681111CF1E841E2400F1F99E /* googletest-download */,
				681111D01E841E2400F1F99E /* build */,
				681111D11E841E2400F1F99E /* GPATH */,
				681111D21E841E2400F1F99E /* GRTAGS */,
				681111D31E841E2400F1F99E /* GTAGS */,
				681111D41E841E2400F1F99E /* README.md */,
			);
			sourceTree = "<group>";
		};
/* End PBXGroup section */

/* Begin PBXLegacyTarget section */
		681111C51E841DCF00F1F99E /* OpenDataStructures */ = {
			isa = PBXLegacyTarget;
			buildArgumentsString = "$(ACTION)";
			buildConfigurationList = 681111C81E841DD000F1F99E /* Build configuration list for PBXLegacyTarget "OpenDataStructures" */;
			buildPhases = (
			);
			buildToolPath = "/usr/local/bin/clang++";
			buildWorkingDirectory = /Users/AaronLong/Dropbox/github/OpenDataStructures/build;
			dependencies = (
			);
			name = OpenDataStructures;
			passBuildSettingsInEnvironment = 1;
			productName = OpenDataStructures;
		};
/* End PBXLegacyTarget section */

/* Begin PBXProject section */
		681111C11E841DCF00F1F99E /* Project object */ = {
			isa = PBXProject;
			attributes = {
				LastUpgradeCheck = 0820;
				ORGANIZATIONNAME = "Aaron C. Long";
				TargetAttributes = {
					681111C51E841DCF00F1F99E = {
						CreatedOnToolsVersion = 8.2.1;
						ProvisioningStyle = Automatic;
					};
				};
			};
			buildConfigurationList = 681111C41E841DCF00F1F99E /* Build configuration list for PBXProject "OpenDataStructures" */;
			compatibilityVersion = "Xcode 3.2";
			developmentRegion = English;
			hasScannedForEncodings = 0;
			knownRegions = (
				en,
			);
			mainGroup = 681111C01E841DCF00F1F99E;
			projectDirPath = "";
			projectRoot = "";
			targets = (
				681111C51E841DCF00F1F99E /* OpenDataStructures */,
			);
		};
/* End PBXProject section */

/* Begin XCBuildConfiguration section */
		681111C61E841DD000F1F99E /* Debug */ = {
			isa = XCBuildConfiguration;
			buildSettings = {
				ALWAYS_SEARCH_USER_PATHS = NO;
				CLANG_ANALYZER_NONNULL = YES;
				CLANG_CXX_LANGUAGE_STANDARD = "gnu++0x";
				CLANG_CXX_LIBRARY = "libc++";
				CLANG_ENABLE_MODULES = YES;
				CLANG_ENABLE_OBJC_ARC = YES;
				CLANG_WARN_BOOL_CONVERSION = YES;
				CLANG_WARN_CONSTANT_CONVERSION = YES;
				CLANG_WARN_DIRECT_OBJC_ISA_USAGE = YES_ERROR;
				CLANG_WARN_DOCUMENTATION_COMMENTS = YES;
				CLANG_WARN_EMPTY_BODY = YES;
				CLANG_WARN_ENUM_CONVERSION = YES;
				CLANG_WARN_INFINITE_RECURSION = YES;
				CLANG_WARN_INT_CONVERSION = YES;
				CLANG_WARN_OBJC_ROOT_CLASS = YES_ERROR;
				CLANG_WARN_SUSPICIOUS_MOVE = YES;
				CLANG_WARN_UNREACHABLE_CODE = YES;
				CLANG_WARN__DUPLICATE_METHOD_MATCH = YES;
				COPY_PHASE_STRIP = NO;
				DEBUG_INFORMATION_FORMAT = dwarf;
				ENABLE_STRICT_OBJC_MSGSEND = YES;
				ENABLE_TESTABILITY = YES;
				GCC_C_LANGUAGE_STANDARD = gnu99;
				GCC_DYNAMIC_NO_PIC = NO;
				GCC_NO_COMMON_BLOCKS = YES;
				GCC_OPTIMIZATION_LEVEL = 0;
				GCC_PREPROCESSOR_DEFINITIONS = (
					"DEBUG=1",
					"$(inherited)",
				);
				GCC_WARN_64_TO_32_BIT_CONVERSION = YES;
				GCC_WARN_ABOUT_RETURN_TYPE = YES_ERROR;
				GCC_WARN_UNDECLARED_SELECTOR = YES;
				GCC_WARN_UNINITIALIZED_AUTOS = YES_AGGRESSIVE;
				GCC_WARN_UNUSED_FUNCTION = YES;
				GCC_WARN_UNUSED_VARIABLE = YES;
				MTL_ENABLE_DEBUG_INFO = YES;
				ONLY_ACTIVE_ARCH = YES;
			};
			name = Debug;
		};
		681111C71E841DD000F1F99E /* Release */ = {
			isa = XCBuildConfiguration;
			buildSettings = {
				ALWAYS_SEARCH_USER_PATHS = NO;
				CLANG_ANALYZER_NONNULL = YES;
				CLANG_CXX_LANGUAGE_STANDARD = "gnu++0x";
				CLANG_CXX_LIBRARY = "libc++";
				CLANG_ENABLE_MODULES = YES;
				CLANG_ENABLE_OBJC_ARC = YES;
				CLANG_WARN_BOOL_CONVERSION = YES;
				CLANG_WARN_CONSTANT_CONVERSION = YES;
				CLANG_WARN_DIRECT_OBJC_ISA_USAGE = YES_ERROR;
				CLANG_WARN_DOCUMENTATION_COMMENTS = YES;
				CLANG_WARN_EMPTY_BODY = YES;
				CLANG_WARN_ENUM_CONVERSION = YES;
				CLANG_WARN_INFINITE_RECURSION = YES;
				CLANG_WARN_INT_CONVERSION = YES;
				CLANG_WARN_OBJC_ROOT_CLASS = YES_ERROR;
				CLANG_WARN_SUSPICIOUS_MOVE = YES;
				CLANG_WARN_UNREACHABLE_CODE = YES;
				CLANG_WARN__DUPLICATE_METHOD_MATCH = YES;
				COPY_PHASE_STRIP = NO;
				DEBUG_INFORMATION_FORMAT = "dwarf-with-dsym";
				ENABLE_NS_ASSERTIONS = NO;
				ENABLE_STRICT_OBJC_MSGSEND = YES;
				GCC_C_LANGUAGE_STANDARD = gnu99;
				GCC_NO_COMMON_BLOCKS = YES;
				GCC_WARN_64_TO_32_BIT_CONVERSION = YES;
				GCC_WARN_ABOUT_RETURN_TYPE = YES_ERROR;
				GCC_WARN_UNDECLARED_SELECTOR = YES;
				GCC_WARN_UNINITIALIZED_AUTOS = YES_AGGRESSIVE;
				GCC_WARN_UNUSED_FUNCTION = YES;
				GCC_WARN_UNUSED_VARIABLE = YES;
				MTL_ENABLE_DEBUG_INFO = NO;
			};
			name = Release;
		};
		681111C91E841DD000F1F99E /* Debug */ = {
			isa = XCBuildConfiguration;
			buildSettings = {
				DEBUGGING_SYMBOLS = YES;
				DEBUG_INFORMATION_FORMAT = dwarf;
				GCC_GENERATE_DEBUGGING_SYMBOLS = YES;
				GCC_OPTIMIZATION_LEVEL = 0;
				OTHER_CFLAGS = "";
				OTHER_LDFLAGS = "";
				PRODUCT_NAME = "$(TARGET_NAME)";
			};
			name = Debug;
		};
		681111CA1E841DD000F1F99E /* Release */ = {
			isa = XCBuildConfiguration;
			buildSettings = {
				DEBUG_INFORMATION_FORMAT = "dwarf-with-dsym";
				OTHER_CFLAGS = "";
				OTHER_LDFLAGS = "";
				PRODUCT_NAME = "$(TARGET_NAME)";
			};
			name = Release;
		};
/* End XCBuildConfiguration section */

/* Begin XCConfigurationList section */
		681111C41E841DCF00F1F99E /* Build configuration list for PBXProject "OpenDataStructures" */ = {
			isa = XCConfigurationList;
			buildConfigurations = (
				681111C61E841DD000F1F99E /* Debug */,
				681111C71E841DD000F1F99E /* Release */,
			);
			defaultConfigurationIsVisible = 0;
			defaultConfigurationName = Release;
		};
		681111C81E841DD000F1F99E /* Build configuration list for PBXLegacyTarget "OpenDataStructures" */ = {
			isa = XCConfigurationList;
			buildConfigurations = (
				681111C91E841DD000F1F99E /* Debug */,
				681111CA1E841DD000F1F99E /* Release */,
			);
			defaultConfigurationIsVisible = 0;
		};
/* End XCConfigurationList section */
	};
	rootObject = 681111C11E841DCF00F1F99E /* Project object */;
}
